# generated by rye
# use `rye lock` or `rye sync` to update this lockfile
#
# last locked with the following flags:
#   pre: false
#   features: []
#   all-features: false
#   with-sources: false
#   generate-hashes: false

-e file:.
numpy==1.24.4
    # via pyarrow
pip==24.0
polars==0.20.31
    # via hopsworks-sdk
pyarrow==16.1.0
    # via hopsworks-sdk
toml==0.10.2
    # via hopsworks-sdk
