# generated by rye
# use `rye lock` or `rye sync` to update this lockfile
#
# last locked with the following flags:
#   pre: false
#   features: []
#   all-features: false
#   with-sources: false
#   generate-hashes: false

-e file:.
asyncio==3.4.3
    # via hopsworks-sdk
toml==0.10.2
    # via hopsworks-sdk
